
Microsoft Visual Studio Solution File, Format Version 12.00
# Visual Studio Version 16
VisualStudioVersion = 16.0.31515.178
MinimumVisualStudioVersion = 10.0.40219.1
Project("{9A19103F-16F7-4668-BE54-9A1E7A4F7556}") = "PropertyBuilding.API", "Property.API\PropertyBuilding.API.csproj", "{2A89B986-3370-484F-9DB6-B95F4FB7047C}"
EndProject
Project("{9A19103F-16F7-4668-BE54-9A1E7A4F7556}") = "PropertyBuilding.Core", "Property.Core\PropertyBuilding.Core.csproj", "{7A26C394-7322-4320-9C0B-2CF15558D431}"
EndProject
Project("{9A19103F-16F7-4668-BE54-9A1E7A4F7556}") = "PropertyBuilding.Infrastructure", "Property.Infrastructure\PropertyBuilding.Infrastructure.csproj", "{70C521BE-EBF5-4BED-A7E6-1E1E5310F10F}"
EndProject
Project("{9A19103F-16F7-4668-BE54-9A1E7A4F7556}") = "PropertyBuilding.Test", "Property.Test\PropertyBuilding.Test.csproj", "{E6376526-E190-416B-A423-3E53BEDEAF3D}"
EndProject
Global
	GlobalSection(SolutionConfigurationPlatforms) = preSolution
		Debug|Any CPU = Debug|Any CPU
		Release|Any CPU = Release|Any CPU
	EndGlobalSection
	GlobalSection(ProjectConfigurationPlatforms) = postSolution
		{2A89B986-3370-484F-9DB6-B95F4FB7047C}.Debug|Any CPU.ActiveCfg = Debug|Any CPU
		{2A89B986-3370-484F-9DB6-B95F4FB7047C}.Debug|Any CPU.Build.0 = Debug|Any CPU
		{2A89B986-3370-484F-9DB6-B95F4FB7047C}.Release|Any CPU.ActiveCfg = Release|Any CPU
		{2A89B986-3370-484F-9DB6-B95F4FB7047C}.Release|Any CPU.Build.0 = Release|Any CPU
		{7A26C394-7322-4320-9C0B-2CF15558D431}.Debug|Any CPU.ActiveCfg = Debug|Any CPU
		{7A26C394-7322-4320-9C0B-2CF15558D431}.Debug|Any CPU.Build.0 = Debug|Any CPU
		{7A26C394-7322-4320-9C0B-2CF15558D431}.Release|Any CPU.ActiveCfg = Release|Any CPU
		{7A26C394-7322-4320-9C0B-2CF15558D431}.Release|Any CPU.Build.0 = Release|Any CPU
		{70C521BE-EBF5-4BED-A7E6-1E1E5310F10F}.Debug|Any CPU.ActiveCfg = Debug|Any CPU
		{70C521BE-EBF5-4BED-A7E6-1E1E5310F10F}.Debug|Any CPU.Build.0 = Debug|Any CPU
		{70C521BE-EBF5-4BED-A7E6-1E1E5310F10F}.Release|Any CPU.ActiveCfg = Release|Any CPU
		{70C521BE-EBF5-4BED-A7E6-1E1E5310F10F}.Release|Any CPU.Build.0 = Release|Any CPU
		{E6376526-E190-416B-A423-3E53BEDEAF3D}.Debug|Any CPU.ActiveCfg = Debug|Any CPU
		{E6376526-E190-416B-A423-3E53BEDEAF3D}.Debug|Any CPU.Build.0 = Debug|Any CPU
		{E6376526-E190-416B-A423-3E53BEDEAF3D}.Release|Any CPU.ActiveCfg = Release|Any CPU
		{E6376526-E190-416B-A423-3E53BEDEAF3D}.Release|Any CPU.Build.0 = Release|Any CPU
	EndGlobalSection
	GlobalSection(SolutionProperties) = preSolution
		HideSolutionNode = FALSE
	EndGlobalSection
	GlobalSection(ExtensibilityGlobals) = postSolution
		SolutionGuid = {7AEEF9D6-3156-4C10-84BF-945D76B1AA36}
	EndGlobalSection
EndGlobal
